// !$*UTF8*$!
{
	archiveVersion = 1;
	classes = {
	};
	objectVersion = 46;
	objects = {

/* Begin PBXBuildFile section */
		D03DE6FB1B4253F700E5C088 /* AppDelegate.swift in Sources */ = {isa = PBXBuildFile; fileRef = D03DE6FA1B4253F700E5C088 /* AppDelegate.swift */; };
		D03DE6FD1B4253F700E5C088 /* Images.xcassets in Resources */ = {isa = PBXBuildFile; fileRef = D03DE6FC1B4253F700E5C088 /* Images.xcassets */; };
		D03DE70C1B4253F800E5C088 /* MatrixMakerTests.swift in Sources */ = {isa = PBXBuildFile; fileRef = D03DE70B1B4253F800E5C088 /* MatrixMakerTests.swift */; };
		D03DE7171B42549800E5C088 /* MainWindowController.swift in Sources */ = {isa = PBXBuildFile; fileRef = D03DE7151B42549800E5C088 /* MainWindowController.swift */; };
		D03DE74E1B425D5B00E5C088 /* LEDMatrixView.swift in Sources */ = {isa = PBXBuildFile; fileRef = D03DE74D1B425D5B00E5C088 /* LEDMatrixView.swift */; };
		D054D79F1B44CF9700D5EC16 /* liveview-s1.png in Resources */ = {isa = PBXBuildFile; fileRef = D054D79A1B44CF9700D5EC16 /* liveview-s1.png */; };
		D054D7A01B44CF9700D5EC16 /* new-s1.png in Resources */ = {isa = PBXBuildFile; fileRef = D054D79B1B44CF9700D5EC16 /* new-s1.png */; };
		D054D7A11B44CF9700D5EC16 /* reset-s1.png in Resources */ = {isa = PBXBuildFile; fileRef = D054D79C1B44CF9700D5EC16 /* reset-s1.png */; };
		D054D7A21B44CF9700D5EC16 /* rotate_left.png in Resources */ = {isa = PBXBuildFile; fileRef = D054D79D1B44CF9700D5EC16 /* rotate_left.png */; };
		D054D7A31B44CF9700D5EC16 /* rotate_right.png in Resources */ = {isa = PBXBuildFile; fileRef = D054D79E1B44CF9700D5EC16 /* rotate_right.png */; };
		D07D9EBF1B43891F00548C61 /* ORSSerial.framework in Frameworks */ = {isa = PBXBuildFile; fileRef = D07D9EBE1B4385F800548C61 /* ORSSerial.framework */; };
		D0A459C41B44B081005FC435 /* Supporting Files in Resources */ = {isa = PBXBuildFile; fileRef = D0A459C31B44B081005FC435 /* Supporting Files */; };
		D0A459C91B44C4FE005FC435 /* Extensions.swift in Sources */ = {isa = PBXBuildFile; fileRef = D0A459C81B44C4FE005FC435 /* Extensions.swift */; };
		D0F587761B44CCE500EA0D73 /* MainMenu.xib in Resources */ = {isa = PBXBuildFile; fileRef = D0F587751B44CCE500EA0D73 /* MainMenu.xib */; };
		D0F587781B44CCF700EA0D73 /* MainWindowController.xib in Resources */ = {isa = PBXBuildFile; fileRef = D0F587771B44CCF700EA0D73 /* MainWindowController.xib */; };
		D0F587871B44CE5400EA0D73 /* led_green.png in Resources */ = {isa = PBXBuildFile; fileRef = D0F587831B44CE5400EA0D73 /* led_green.png */; };
		D0F587881B44CE5400EA0D73 /* led_off.png in Resources */ = {isa = PBXBuildFile; fileRef = D0F587841B44CE5400EA0D73 /* led_off.png */; };
		D0F587891B44CE5400EA0D73 /* led_orange.png in Resources */ = {isa = PBXBuildFile; fileRef = D0F587851B44CE5400EA0D73 /* led_orange.png */; };
		D0F5878A1B44CE5400EA0D73 /* led_red.png in Resources */ = {isa = PBXBuildFile; fileRef = D0F587861B44CE5400EA0D73 /* led_red.png */; };
/* End PBXBuildFile section */

/* Begin PBXContainerItemProxy section */
		D03DE7061B4253F800E5C088 /* PBXContainerItemProxy */ = {
			isa = PBXContainerItemProxy;
			containerPortal = D03DE6ED1B4253F700E5C088 /* Project object */;
			proxyType = 1;
			remoteGlobalIDString = D03DE6F41B4253F700E5C088;
			remoteInfo = MatrixMaker;
		};
		D07D9EBD1B4385F800548C61 /* PBXContainerItemProxy */ = {
			isa = PBXContainerItemProxy;
			containerPortal = D07D9EB91B4385F800548C61 /* ORSSerialPort.xcodeproj */;
			proxyType = 2;
			remoteGlobalIDString = 9DCA89121A2BB106009285EB;
			remoteInfo = ORSSerial;
		};
/* End PBXContainerItemProxy section */

/* Begin PBXCopyFilesBuildPhase section */
		D07D9EB71B4374BC00548C61 /* Embed Frameworks */ = {
			isa = PBXCopyFilesBuildPhase;
			buildActionMask = 2147483647;
			dstPath = "";
			dstSubfolderSpec = 10;
			files = (
			);
			name = "Embed Frameworks";
			runOnlyForDeploymentPostprocessing = 0;
		};
/* End PBXCopyFilesBuildPhase section */

/* Begin PBXFileReference section */
		D03DE6F51B4253F700E5C088 /* MatrixMaker.app */ = {isa = PBXFileReference; explicitFileType = wrapper.application; includeInIndex = 0; path = MatrixMaker.app; sourceTree = BUILT_PRODUCTS_DIR; };
		D03DE6FA1B4253F700E5C088 /* AppDelegate.swift */ = {isa = PBXFileReference; lastKnownFileType = sourcecode.swift; path = AppDelegate.swift; sourceTree = "<group>"; };
		D03DE6FC1B4253F700E5C088 /* Images.xcassets */ = {isa = PBXFileReference; lastKnownFileType = folder.assetcatalog; path = Images.xcassets; sourceTree = "<group>"; };
		D03DE7051B4253F800E5C088 /* MatrixMakerTests.xctest */ = {isa = PBXFileReference; explicitFileType = wrapper.cfbundle; includeInIndex = 0; path = MatrixMakerTests.xctest; sourceTree = BUILT_PRODUCTS_DIR; };
		D03DE70A1B4253F800E5C088 /* Info.plist */ = {isa = PBXFileReference; lastKnownFileType = text.plist.xml; path = Info.plist; sourceTree = "<group>"; };
		D03DE70B1B4253F800E5C088 /* MatrixMakerTests.swift */ = {isa = PBXFileReference; lastKnownFileType = sourcecode.swift; path = MatrixMakerTests.swift; sourceTree = "<group>"; };
		D03DE7151B42549800E5C088 /* MainWindowController.swift */ = {isa = PBXFileReference; fileEncoding = 4; lastKnownFileType = sourcecode.swift; path = MainWindowController.swift; sourceTree = "<group>"; };
		D03DE74D1B425D5B00E5C088 /* LEDMatrixView.swift */ = {isa = PBXFileReference; fileEncoding = 4; lastKnownFileType = sourcecode.swift; path = LEDMatrixView.swift; sourceTree = "<group>"; };
		D054D79A1B44CF9700D5EC16 /* liveview-s1.png */ = {isa = PBXFileReference; lastKnownFileType = image.png; path = "liveview-s1.png"; sourceTree = "<group>"; };
		D054D79B1B44CF9700D5EC16 /* new-s1.png */ = {isa = PBXFileReference; lastKnownFileType = image.png; path = "new-s1.png"; sourceTree = "<group>"; };
		D054D79C1B44CF9700D5EC16 /* reset-s1.png */ = {isa = PBXFileReference; lastKnownFileType = image.png; path = "reset-s1.png"; sourceTree = "<group>"; };
		D054D79D1B44CF9700D5EC16 /* rotate_left.png */ = {isa = PBXFileReference; lastKnownFileType = image.png; path = rotate_left.png; sourceTree = "<group>"; };
		D054D79E1B44CF9700D5EC16 /* rotate_right.png */ = {isa = PBXFileReference; lastKnownFileType = image.png; path = rotate_right.png; sourceTree = "<group>"; };
		D07D9EB91B4385F800548C61 /* ORSSerialPort.xcodeproj */ = {isa = PBXFileReference; lastKnownFileType = "wrapper.pb-project"; name = ORSSerialPort.xcodeproj; path = "Frameworks/ORSSerialPort/Framework Project/ORSSerialPort.xcodeproj"; sourceTree = SOURCE_ROOT; };
		D0A459C31B44B081005FC435 /* Supporting Files */ = {isa = PBXFileReference; lastKnownFileType = folder; path = "Supporting Files"; sourceTree = "<group>"; };
		D0A459C81B44C4FE005FC435 /* Extensions.swift */ = {isa = PBXFileReference; fileEncoding = 4; lastKnownFileType = sourcecode.swift; path = Extensions.swift; sourceTree = "<group>"; };
		D0F587751B44CCE500EA0D73 /* MainMenu.xib */ = {isa = PBXFileReference; fileEncoding = 4; lastKnownFileType = file.xib; path = MainMenu.xib; sourceTree = "<group>"; };
		D0F587771B44CCF700EA0D73 /* MainWindowController.xib */ = {isa = PBXFileReference; fileEncoding = 4; lastKnownFileType = file.xib; path = MainWindowController.xib; sourceTree = "<group>"; };
		D0F587831B44CE5400EA0D73 /* led_green.png */ = {isa = PBXFileReference; lastKnownFileType = image.png; path = led_green.png; sourceTree = "<group>"; };
		D0F587841B44CE5400EA0D73 /* led_off.png */ = {isa = PBXFileReference; lastKnownFileType = image.png; path = led_off.png; sourceTree = "<group>"; };
		D0F587851B44CE5400EA0D73 /* led_orange.png */ = {isa = PBXFileReference; lastKnownFileType = image.png; path = led_orange.png; sourceTree = "<group>"; };
		D0F587861B44CE5400EA0D73 /* led_red.png */ = {isa = PBXFileReference; lastKnownFileType = image.png; path = led_red.png; sourceTree = "<group>"; };
/* End PBXFileReference section */

/* Begin PBXFrameworksBuildPhase section */
		D03DE6F21B4253F700E5C088 /* Frameworks */ = {
			isa = PBXFrameworksBuildPhase;
			buildActionMask = 2147483647;
			files = (
				D07D9EBF1B43891F00548C61 /* ORSSerial.framework in Frameworks */,
			);
			runOnlyForDeploymentPostprocessing = 0;
		};
		D03DE7021B4253F800E5C088 /* Frameworks */ = {
			isa = PBXFrameworksBuildPhase;
			buildActionMask = 2147483647;
			files = (
			);
			runOnlyForDeploymentPostprocessing = 0;
		};
/* End PBXFrameworksBuildPhase section */

/* Begin PBXGroup section */
		D03DE6EC1B4253F700E5C088 = {
			isa = PBXGroup;
			children = (
				D07D9EB91B4385F800548C61 /* ORSSerialPort.xcodeproj */,
				D03DE6F71B4253F700E5C088 /* MatrixMaker */,
				D03DE7081B4253F800E5C088 /* MatrixMakerTests */,
				D03DE6F61B4253F700E5C088 /* Products */,
			);
			sourceTree = "<group>";
		};
		D03DE6F61B4253F700E5C088 /* Products */ = {
			isa = PBXGroup;
			children = (
				D03DE6F51B4253F700E5C088 /* MatrixMaker.app */,
				D03DE7051B4253F800E5C088 /* MatrixMakerTests.xctest */,
			);
			name = Products;
			sourceTree = "<group>";
		};
		D03DE6F71B4253F700E5C088 /* MatrixMaker */ = {
			isa = PBXGroup;
			children = (
				D0F587821B44CE0200EA0D73 /* images */,
				D054D7A51B44D0AF00D5EC16 /* GUI */,
				D03DE6FA1B4253F700E5C088 /* AppDelegate.swift */,
				D03DE74D1B425D5B00E5C088 /* LEDMatrixView.swift */,
				D03DE7151B42549800E5C088 /* MainWindowController.swift */,
				D0A459C81B44C4FE005FC435 /* Extensions.swift */,
				D03DE6FC1B4253F700E5C088 /* Images.xcassets */,
				D0A459C31B44B081005FC435 /* Supporting Files */,
			);
			path = MatrixMaker;
			sourceTree = "<group>";
		};
		D03DE7081B4253F800E5C088 /* MatrixMakerTests */ = {
			isa = PBXGroup;
			children = (
				D03DE70B1B4253F800E5C088 /* MatrixMakerTests.swift */,
				D03DE7091B4253F800E5C088 /* Supporting Files */,
			);
			path = MatrixMakerTests;
			sourceTree = "<group>";
		};
		D03DE7091B4253F800E5C088 /* Supporting Files */ = {
			isa = PBXGroup;
			children = (
				D03DE70A1B4253F800E5C088 /* Info.plist */,
			);
			name = "Supporting Files";
			sourceTree = "<group>";
		};
		D054D7A51B44D0AF00D5EC16 /* GUI */ = {
			isa = PBXGroup;
			children = (
				D0F587751B44CCE500EA0D73 /* MainMenu.xib */,
				D0F587771B44CCF700EA0D73 /* MainWindowController.xib */,
			);
			name = GUI;
			sourceTree = "<group>";
		};
		D07D9EBA1B4385F800548C61 /* Products */ = {
			isa = PBXGroup;
			children = (
				D07D9EBE1B4385F800548C61 /* ORSSerial.framework */,
			);
			name = Products;
			sourceTree = "<group>";
		};
		D0F587821B44CE0200EA0D73 /* images */ = {
			isa = PBXGroup;
			children = (
				D054D79A1B44CF9700D5EC16 /* liveview-s1.png */,
				D054D79B1B44CF9700D5EC16 /* new-s1.png */,
				D054D79C1B44CF9700D5EC16 /* reset-s1.png */,
				D054D79D1B44CF9700D5EC16 /* rotate_left.png */,
				D054D79E1B44CF9700D5EC16 /* rotate_right.png */,
				D0F587831B44CE5400EA0D73 /* led_green.png */,
				D0F587841B44CE5400EA0D73 /* led_off.png */,
				D0F587851B44CE5400EA0D73 /* led_orange.png */,
				D0F587861B44CE5400EA0D73 /* led_red.png */,
			);
			name = images;
			sourceTree = "<group>";
		};
/* End PBXGroup section */

/* Begin PBXNativeTarget section */
		D03DE6F41B4253F700E5C088 /* MatrixMaker */ = {
			isa = PBXNativeTarget;
			buildConfigurationList = D03DE70F1B4253F800E5C088 /* Build configuration list for PBXNativeTarget "MatrixMaker" */;
			buildPhases = (
				D03DE6F11B4253F700E5C088 /* Sources */,
				D03DE6F21B4253F700E5C088 /* Frameworks */,
				D03DE6F31B4253F700E5C088 /* Resources */,
				D07D9EB71B4374BC00548C61 /* Embed Frameworks */,
			);
			buildRules = (
			);
			dependencies = (
			);
			name = MatrixMaker;
			productName = MatrixMaker;
			productReference = D03DE6F51B4253F700E5C088 /* MatrixMaker.app */;
			productType = "com.apple.product-type.application";
		};
		D03DE7041B4253F800E5C088 /* MatrixMakerTests */ = {
			isa = PBXNativeTarget;
			buildConfigurationList = D03DE7121B4253F800E5C088 /* Build configuration list for PBXNativeTarget "MatrixMakerTests" */;
			buildPhases = (
				D03DE7011B4253F800E5C088 /* Sources */,
				D03DE7021B4253F800E5C088 /* Frameworks */,
				D03DE7031B4253F800E5C088 /* Resources */,
			);
			buildRules = (
			);
			dependencies = (
				D03DE7071B4253F800E5C088 /* PBXTargetDependency */,
			);
			name = MatrixMakerTests;
			productName = MatrixMakerTests;
			productReference = D03DE7051B4253F800E5C088 /* MatrixMakerTests.xctest */;
			productType = "com.apple.product-type.bundle.unit-test";
		};
/* End PBXNativeTarget section */

/* Begin PBXProject section */
		D03DE6ED1B4253F700E5C088 /* Project object */ = {
			isa = PBXProject;
			attributes = {
				LastUpgradeCheck = 0630;
				ORGANIZATIONNAME = "Justin England";
				TargetAttributes = {
					D03DE6F41B4253F700E5C088 = {
						CreatedOnToolsVersion = 6.3.2;
					};
					D03DE7041B4253F800E5C088 = {
						CreatedOnToolsVersion = 6.3.2;
						TestTargetID = D03DE6F41B4253F700E5C088;
					};
				};
			};
			buildConfigurationList = D03DE6F01B4253F700E5C088 /* Build configuration list for PBXProject "MatrixMaker" */;
			compatibilityVersion = "Xcode 3.2";
			developmentRegion = English;
			hasScannedForEncodings = 0;
			knownRegions = (
				en,
				Base,
			);
			mainGroup = D03DE6EC1B4253F700E5C088;
			productRefGroup = D03DE6F61B4253F700E5C088 /* Products */;
			projectDirPath = "";
			projectReferences = (
				{
					ProductGroup = D07D9EBA1B4385F800548C61 /* Products */;
					ProjectRef = D07D9EB91B4385F800548C61 /* ORSSerialPort.xcodeproj */;
				},
			);
			projectRoot = "";
			targets = (
				D03DE6F41B4253F700E5C088 /* MatrixMaker */,
				D03DE7041B4253F800E5C088 /* MatrixMakerTests */,
			);
		};
/* End PBXProject section */

/* Begin PBXReferenceProxy section */
		D07D9EBE1B4385F800548C61 /* ORSSerial.framework */ = {
			isa = PBXReferenceProxy;
			fileType = wrapper.framework;
			path = ORSSerial.framework;
			remoteRef = D07D9EBD1B4385F800548C61 /* PBXContainerItemProxy */;
			sourceTree = BUILT_PRODUCTS_DIR;
		};
/* End PBXReferenceProxy section */

/* Begin PBXResourcesBuildPhase section */
		D03DE6F31B4253F700E5C088 /* Resources */ = {
			isa = PBXResourcesBuildPhase;
			buildActionMask = 2147483647;
			files = (
				D054D7A01B44CF9700D5EC16 /* new-s1.png in Resources */,
				D0F587881B44CE5400EA0D73 /* led_off.png in Resources */,
				D054D7A21B44CF9700D5EC16 /* rotate_left.png in Resources */,
				D0F587761B44CCE500EA0D73 /* MainMenu.xib in Resources */,
				D03DE6FD1B4253F700E5C088 /* Images.xcassets in Resources */,
				D0A459C41B44B081005FC435 /* Supporting Files in Resources */,
				D0F5878A1B44CE5400EA0D73 /* led_red.png in Resources */,
				D054D7A11B44CF9700D5EC16 /* reset-s1.png in Resources */,
				D0F587781B44CCF700EA0D73 /* MainWindowController.xib in Resources */,
				D0F587891B44CE5400EA0D73 /* led_orange.png in Resources */,
				D054D7A31B44CF9700D5EC16 /* rotate_right.png in Resources */,
				D054D79F1B44CF9700D5EC16 /* liveview-s1.png in Resources */,
				D0F587871B44CE5400EA0D73 /* led_green.png in Resources */,
			);
			runOnlyForDeploymentPostprocessing = 0;
		};
		D03DE7031B4253F800E5C088 /* Resources */ = {
			isa = PBXResourcesBuildPhase;
			buildActionMask = 2147483647;
			files = (
			);
			runOnlyForDeploymentPostprocessing = 0;
		};
/* End PBXResourcesBuildPhase section */

/* Begin PBXSourcesBuildPhase section */
		D03DE6F11B4253F700E5C088 /* Sources */ = {
			isa = PBXSourcesBuildPhase;
			buildActionMask = 2147483647;
			files = (
				D03DE7171B42549800E5C088 /* MainWindowController.swift in Sources */,
				D03DE74E1B425D5B00E5C088 /* LEDMatrixView.swift in Sources */,
				D03DE6FB1B4253F700E5C088 /* AppDelegate.swift in Sources */,
				D0A459C91B44C4FE005FC435 /* Extensions.swift in Sources */,
			);
			runOnlyForDeploymentPostprocessing = 0;
		};
		D03DE7011B4253F800E5C088 /* Sources */ = {
			isa = PBXSourcesBuildPhase;
			buildActionMask = 2147483647;
			files = (
				D03DE70C1B4253F800E5C088 /* MatrixMakerTests.swift in Sources */,
			);
			runOnlyForDeploymentPostprocessing = 0;
		};
/* End PBXSourcesBuildPhase section */

/* Begin PBXTargetDependency section */
		D03DE7071B4253F800E5C088 /* PBXTargetDependency */ = {
			isa = PBXTargetDependency;
			target = D03DE6F41B4253F700E5C088 /* MatrixMaker */;
			targetProxy = D03DE7061B4253F800E5C088 /* PBXContainerItemProxy */;
		};
/* End PBXTargetDependency section */

/* Begin XCBuildConfiguration section */
		D03DE70D1B4253F800E5C088 /* Debug */ = {
			isa = XCBuildConfiguration;
			buildSettings = {
				ALWAYS_SEARCH_USER_PATHS = NO;
				CLANG_CXX_LANGUAGE_STANDARD = "gnu++0x";
				CLANG_CXX_LIBRARY = "libc++";
				CLANG_ENABLE_MODULES = YES;
				CLANG_ENABLE_OBJC_ARC = YES;
				CLANG_WARN_BOOL_CONVERSION = YES;
				CLANG_WARN_CONSTANT_CONVERSION = YES;
				CLANG_WARN_DIRECT_OBJC_ISA_USAGE = YES_ERROR;
				CLANG_WARN_EMPTY_BODY = YES;
				CLANG_WARN_ENUM_CONVERSION = YES;
				CLANG_WARN_INT_CONVERSION = YES;
				CLANG_WARN_OBJC_ROOT_CLASS = YES_ERROR;
				CLANG_WARN_UNREACHABLE_CODE = YES;
				CLANG_WARN__DUPLICATE_METHOD_MATCH = YES;
				CODE_SIGN_IDENTITY = "-";
				COPY_PHASE_STRIP = NO;
				DEBUG_INFORMATION_FORMAT = dwarf;
				ENABLE_STRICT_OBJC_MSGSEND = YES;
				GCC_C_LANGUAGE_STANDARD = gnu99;
				GCC_DYNAMIC_NO_PIC = NO;
				GCC_NO_COMMON_BLOCKS = YES;
				GCC_OPTIMIZATION_LEVEL = 0;
				GCC_PREPROCESSOR_DEFINITIONS = (
					"DEBUG=1",
					"$(inherited)",
				);
				GCC_SYMBOLS_PRIVATE_EXTERN = NO;
				GCC_WARN_64_TO_32_BIT_CONVERSION = YES;
				GCC_WARN_ABOUT_RETURN_TYPE = YES_ERROR;
				GCC_WARN_UNDECLARED_SELECTOR = YES;
				GCC_WARN_UNINITIALIZED_AUTOS = YES_AGGRESSIVE;
				GCC_WARN_UNUSED_FUNCTION = YES;
				GCC_WARN_UNUSED_VARIABLE = YES;
				MACOSX_DEPLOYMENT_TARGET = 10.10;
				MTL_ENABLE_DEBUG_INFO = YES;
				ONLY_ACTIVE_ARCH = YES;
				SDKROOT = macosx;
				SWIFT_OPTIMIZATION_LEVEL = "-Onone";
			};
			name = Debug;
		};
		D03DE70E1B4253F800E5C088 /* Release */ = {
			isa = XCBuildConfiguration;
			buildSettings = {
				ALWAYS_SEARCH_USER_PATHS = NO;
				CLANG_CXX_LANGUAGE_STANDARD = "gnu++0x";
				CLANG_CXX_LIBRARY = "libc++";
				CLANG_ENABLE_MODULES = YES;
				CLANG_ENABLE_OBJC_ARC = YES;
				CLANG_WARN_BOOL_CONVERSION = YES;
				CLANG_WARN_CONSTANT_CONVERSION = YES;
				CLANG_WARN_DIRECT_OBJC_ISA_USAGE = YES_ERROR;
				CLANG_WARN_EMPTY_BODY = YES;
				CLANG_WARN_ENUM_CONVERSION = YES;
				CLANG_WARN_INT_CONVERSION = YES;
				CLANG_WARN_OBJC_ROOT_CLASS = YES_ERROR;
				CLANG_WARN_UNREACHABLE_CODE = YES;
				CLANG_WARN__DUPLICATE_METHOD_MATCH = YES;
				CODE_SIGN_IDENTITY = "-";
				COPY_PHASE_STRIP = NO;
				DEBUG_INFORMATION_FORMAT = "dwarf-with-dsym";
				ENABLE_NS_ASSERTIONS = NO;
				ENABLE_STRICT_OBJC_MSGSEND = YES;
				GCC_C_LANGUAGE_STANDARD = gnu99;
				GCC_NO_COMMON_BLOCKS = YES;
				GCC_WARN_64_TO_32_BIT_CONVERSION = YES;
				GCC_WARN_ABOUT_RETURN_TYPE = YES_ERROR;
				GCC_WARN_UNDECLARED_SELECTOR = YES;
				GCC_WARN_UNINITIALIZED_AUTOS = YES_AGGRESSIVE;
				GCC_WARN_UNUSED_FUNCTION = YES;
				GCC_WARN_UNUSED_VARIABLE = YES;
				MACOSX_DEPLOYMENT_TARGET = 10.10;
				MTL_ENABLE_DEBUG_INFO = NO;
				SDKROOT = macosx;
			};
			name = Release;
		};
		D03DE7101B4253F800E5C088 /* Debug */ = {
			isa = XCBuildConfiguration;
			buildSettings = {
				ASSETCATALOG_COMPILER_APPICON_NAME = AppIcon;
				COMBINE_HIDPI_IMAGES = YES;
				INFOPLIST_FILE = "MatrixMaker/Supporting Files/Info.plist";
				LD_RUNPATH_SEARCH_PATHS = "$(inherited) @executable_path/../Frameworks";
				MACOSX_DEPLOYMENT_TARGET = 10.10;
				PRODUCT_NAME = "$(TARGET_NAME)";
			};
			name = Debug;
		};
		D03DE7111B4253F800E5C088 /* Release */ = {
			isa = XCBuildConfiguration;
			buildSettings = {
				ASSETCATALOG_COMPILER_APPICON_NAME = AppIcon;
				COMBINE_HIDPI_IMAGES = YES;
				INFOPLIST_FILE = "MatrixMaker/Supporting Files/Info.plist";
				LD_RUNPATH_SEARCH_PATHS = "$(inherited) @executable_path/../Frameworks";
				MACOSX_DEPLOYMENT_TARGET = 10.10;
				PRODUCT_NAME = "$(TARGET_NAME)";
			};
			name = Release;
		};
		D03DE7131B4253F800E5C088 /* Debug */ = {
			isa = XCBuildConfiguration;
			buildSettings = {
				BUNDLE_LOADER = "$(TEST_HOST)";
				COMBINE_HIDPI_IMAGES = YES;
				FRAMEWORK_SEARCH_PATHS = (
					"$(DEVELOPER_FRAMEWORKS_DIR)",
					"$(inherited)",
				);
				GCC_PREPROCESSOR_DEFINITIONS = (
					"DEBUG=1",
					"$(inherited)",
				);
				INFOPLIST_FILE = MatrixMakerTests/Info.plist;
				LD_RUNPATH_SEARCH_PATHS = "$(inherited) @executable_path/../Frameworks @loader_path/../Frameworks";
				PRODUCT_NAME = "$(TARGET_NAME)";
				TEST_HOST = "$(BUILT_PRODUCTS_DIR)/MatrixMaker.app/Contents/MacOS/MatrixMaker";
			};
			name = Debug;
		};
		D03DE7141B4253F800E5C088 /* Release */ = {
			isa = XCBuildConfiguration;
			buildSettings = {
				BUNDLE_LOADER = "$(TEST_HOST)";
				COMBINE_HIDPI_IMAGES = YES;
				FRAMEWORK_SEARCH_PATHS = (
					"$(DEVELOPER_FRAMEWORKS_DIR)",
					"$(inherited)",
				);
				INFOPLIST_FILE = MatrixMakerTests/Info.plist;
				LD_RUNPATH_SEARCH_PATHS = "$(inherited) @executable_path/../Frameworks @loader_path/../Frameworks";
				PRODUCT_NAME = "$(TARGET_NAME)";
				TEST_HOST = "$(BUILT_PRODUCTS_DIR)/MatrixMaker.app/Contents/MacOS/MatrixMaker";
			};
			name = Release;
		};
/* End XCBuildConfiguration section */

/* Begin XCConfigurationList section */
		D03DE6F01B4253F700E5C088 /* Build configuration list for PBXProject "MatrixMaker" */ = {
			isa = XCConfigurationList;
			buildConfigurations = (
				D03DE70D1B4253F800E5C088 /* Debug */,
				D03DE70E1B4253F800E5C088 /* Release */,
			);
			defaultConfigurationIsVisible = 0;
			defaultConfigurationName = Release;
		};
		D03DE70F1B4253F800E5C088 /* Build configuration list for PBXNativeTarget "MatrixMaker" */ = {
			isa = XCConfigurationList;
			buildConfigurations = (
				D03DE7101B4253F800E5C088 /* Debug */,
				D03DE7111B4253F800E5C088 /* Release */,
			);
			defaultConfigurationIsVisible = 0;
			defaultConfigurationName = Release;
		};
		D03DE7121B4253F800E5C088 /* Build configuration list for PBXNativeTarget "MatrixMakerTests" */ = {
			isa = XCConfigurationList;
			buildConfigurations = (
				D03DE7131B4253F800E5C088 /* Debug */,
				D03DE7141B4253F800E5C088 /* Release */,
			);
			defaultConfigurationIsVisible = 0;
			defaultConfigurationName = Release;
		};
/* End XCConfigurationList section */
	};
	rootObject = D03DE6ED1B4253F700E5C088 /* Project object */;
}
